// !$*UTF8*$!
{
	archiveVersion = 1;
	classes = {
	};
	objectVersion = 50;
	objects = {

/* Begin PBXBuildFile section */
		32013F5124716D1500C9EB70 /* charleyrivers.jpg in Resources */ = {isa = PBXBuildFile; fileRef = 32013F5024716D1500C9EB70 /* charleyrivers.jpg */; };
		32013F5324716E1400C9EB70 /* UserData.swift in Sources */ = {isa = PBXBuildFile; fileRef = 32013F5224716E1400C9EB70 /* UserData.swift */; };
		324FD5D42466F4820028E283 /* Localizable.strings in Resources */ = {isa = PBXBuildFile; fileRef = 324FD5D32466F4820028E283 /* Localizable.strings */; };
		3274913F245E6E0600DC8E38 /* AppDelegate.swift in Sources */ = {isa = PBXBuildFile; fileRef = 3274913E245E6E0600DC8E38 /* AppDelegate.swift */; };
		32749141245E6E0600DC8E38 /* SceneDelegate.swift in Sources */ = {isa = PBXBuildFile; fileRef = 32749140245E6E0600DC8E38 /* SceneDelegate.swift */; };
		32749143245E6E0600DC8E38 /* LandmarkDetail.swift in Sources */ = {isa = PBXBuildFile; fileRef = 32749142245E6E0600DC8E38 /* LandmarkDetail.swift */; };
		32749145245E6E0B00DC8E38 /* Assets.xcassets in Resources */ = {isa = PBXBuildFile; fileRef = 32749144245E6E0B00DC8E38 /* Assets.xcassets */; };
		32749148245E6E0B00DC8E38 /* Preview Assets.xcassets in Resources */ = {isa = PBXBuildFile; fileRef = 32749147245E6E0B00DC8E38 /* Preview Assets.xcassets */; };
		3274914B245E6E0B00DC8E38 /* LaunchScreen.storyboard in Resources */ = {isa = PBXBuildFile; fileRef = 32749149245E6E0B00DC8E38 /* LaunchScreen.storyboard */; };
		32749153245E77CD00DC8E38 /* CircleImage.swift in Sources */ = {isa = PBXBuildFile; fileRef = 32749152245E77CD00DC8E38 /* CircleImage.swift */; };
		32749155245E79F000DC8E38 /* MapView.swift in Sources */ = {isa = PBXBuildFile; fileRef = 32749154245E79F000DC8E38 /* MapView.swift */; };
		32749166245EA8A300DC8E38 /* turtlerock.jpg in Resources */ = {isa = PBXBuildFile; fileRef = 3274915A245EA8A200DC8E38 /* turtlerock.jpg */; };
		32749168245EA8A300DC8E38 /* rainbowlake.jpg in Resources */ = {isa = PBXBuildFile; fileRef = 3274915C245EA8A200DC8E38 /* rainbowlake.jpg */; };
		32749169245EA8A300DC8E38 /* twinlake.jpg in Resources */ = {isa = PBXBuildFile; fileRef = 3274915D245EA8A200DC8E38 /* twinlake.jpg */; };
		3274916A245EA8A300DC8E38 /* lakemcdonald.jpg in Resources */ = {isa = PBXBuildFile; fileRef = 3274915E245EA8A200DC8E38 /* lakemcdonald.jpg */; };
		3274916B245EA8A300DC8E38 /* chilkoottrail.jpg in Resources */ = {isa = PBXBuildFile; fileRef = 3274915F245EA8A200DC8E38 /* chilkoottrail.jpg */; };
		3274916C245EA8A300DC8E38 /* icybay.jpg in Resources */ = {isa = PBXBuildFile; fileRef = 32749160245EA8A200DC8E38 /* icybay.jpg */; };
		3274916D245EA8A300DC8E38 /* hiddenlake.jpg in Resources */ = {isa = PBXBuildFile; fileRef = 32749161245EA8A200DC8E38 /* hiddenlake.jpg */; };
		3274916E245EA8A300DC8E38 /* chincoteague.jpg in Resources */ = {isa = PBXBuildFile; fileRef = 32749162245EA8A200DC8E38 /* chincoteague.jpg */; };
		3274916F245EA8A300DC8E38 /* silversalmoncreek.jpg in Resources */ = {isa = PBXBuildFile; fileRef = 32749163245EA8A300DC8E38 /* silversalmoncreek.jpg */; };
		32749170245EA8A300DC8E38 /* stmarylake.jpg in Resources */ = {isa = PBXBuildFile; fileRef = 32749164245EA8A300DC8E38 /* stmarylake.jpg */; };
		32749171245EA8A300DC8E38 /* umbagog.jpg in Resources */ = {isa = PBXBuildFile; fileRef = 32749165245EA8A300DC8E38 /* umbagog.jpg */; };
		32749173245EA8CE00DC8E38 /* landmarkData.json in Resources */ = {isa = PBXBuildFile; fileRef = 32749172245EA8CE00DC8E38 /* landmarkData.json */; };
		32749176245EAAEE00DC8E38 /* Data.swift in Sources */ = {isa = PBXBuildFile; fileRef = 32749175245EAAEE00DC8E38 /* Data.swift */; };
		32749178245EAB2600DC8E38 /* Landmark.swift in Sources */ = {isa = PBXBuildFile; fileRef = 32749177245EAB2600DC8E38 /* Landmark.swift */; };
		329A18DD2464585E00CD5A41 /* LandmarkRow.swift in Sources */ = {isa = PBXBuildFile; fileRef = 329A18DC2464585E00CD5A41 /* LandmarkRow.swift */; };
		329A18DF24645BFD00CD5A41 /* LandmarkList.swift in Sources */ = {isa = PBXBuildFile; fileRef = 329A18DE24645BFD00CD5A41 /* LandmarkList.swift */; };
/* End PBXBuildFile section */

/* Begin PBXFileReference section */
		32013F5024716D1500C9EB70 /* charleyrivers.jpg */ = {isa = PBXFileReference; lastKnownFileType = image.jpeg; path = charleyrivers.jpg; sourceTree = "<group>"; };
		32013F5224716E1400C9EB70 /* UserData.swift */ = {isa = PBXFileReference; lastKnownFileType = sourcecode.swift; path = UserData.swift; sourceTree = "<group>"; };
		324FD5D32466F4820028E283 /* Localizable.strings */ = {isa = PBXFileReference; lastKnownFileType = text.plist.strings; path = Localizable.strings; sourceTree = "<group>"; };
		3274913B245E6E0600DC8E38 /* Landmarks.app */ = {isa = PBXFileReference; explicitFileType = wrapper.application; includeInIndex = 0; path = Landmarks.app; sourceTree = BUILT_PRODUCTS_DIR; };
		3274913E245E6E0600DC8E38 /* AppDelegate.swift */ = {isa = PBXFileReference; lastKnownFileType = sourcecode.swift; path = AppDelegate.swift; sourceTree = "<group>"; };
		32749140245E6E0600DC8E38 /* SceneDelegate.swift */ = {isa = PBXFileReference; lastKnownFileType = sourcecode.swift; path = SceneDelegate.swift; sourceTree = "<group>"; };
		32749142245E6E0600DC8E38 /* LandmarkDetail.swift */ = {isa = PBXFileReference; lastKnownFileType = sourcecode.swift; path = LandmarkDetail.swift; sourceTree = "<group>"; };
		32749144245E6E0B00DC8E38 /* Assets.xcassets */ = {isa = PBXFileReference; lastKnownFileType = folder.assetcatalog; path = Assets.xcassets; sourceTree = "<group>"; };
		32749147245E6E0B00DC8E38 /* Preview Assets.xcassets */ = {isa = PBXFileReference; lastKnownFileType = folder.assetcatalog; path = "Preview Assets.xcassets"; sourceTree = "<group>"; };
		3274914A245E6E0B00DC8E38 /* Base */ = {isa = PBXFileReference; lastKnownFileType = file.storyboard; name = Base; path = Base.lproj/LaunchScreen.storyboard; sourceTree = "<group>"; };
		3274914C245E6E0B00DC8E38 /* Info.plist */ = {isa = PBXFileReference; lastKnownFileType = text.plist.xml; path = Info.plist; sourceTree = "<group>"; };
		32749152245E77CD00DC8E38 /* CircleImage.swift */ = {isa = PBXFileReference; lastKnownFileType = sourcecode.swift; path = CircleImage.swift; sourceTree = "<group>"; };
		32749154245E79F000DC8E38 /* MapView.swift */ = {isa = PBXFileReference; lastKnownFileType = sourcecode.swift; path = MapView.swift; sourceTree = "<group>"; };
		3274915A245EA8A200DC8E38 /* turtlerock.jpg */ = {isa = PBXFileReference; lastKnownFileType = image.jpeg; path = turtlerock.jpg; sourceTree = "<group>"; };
		3274915C245EA8A200DC8E38 /* rainbowlake.jpg */ = {isa = PBXFileReference; lastKnownFileType = image.jpeg; path = rainbowlake.jpg; sourceTree = "<group>"; };
		3274915D245EA8A200DC8E38 /* twinlake.jpg */ = {isa = PBXFileReference; lastKnownFileType = image.jpeg; path = twinlake.jpg; sourceTree = "<group>"; };
		3274915E245EA8A200DC8E38 /* lakemcdonald.jpg */ = {isa = PBXFileReference; lastKnownFileType = image.jpeg; path = lakemcdonald.jpg; sourceTree = "<group>"; };
		3274915F245EA8A200DC8E38 /* chilkoottrail.jpg */ = {isa = PBXFileReference; lastKnownFileType = image.jpeg; path = chilkoottrail.jpg; sourceTree = "<group>"; };
		32749160245EA8A200DC8E38 /* icybay.jpg */ = {isa = PBXFileReference; lastKnownFileType = image.jpeg; path = icybay.jpg; sourceTree = "<group>"; };
		32749161245EA8A200DC8E38 /* hiddenlake.jpg */ = {isa = PBXFileReference; lastKnownFileType = image.jpeg; path = hiddenlake.jpg; sourceTree = "<group>"; };
		32749162245EA8A200DC8E38 /* chincoteague.jpg */ = {isa = PBXFileReference; lastKnownFileType = image.jpeg; path = chincoteague.jpg; sourceTree = "<group>"; };
		32749163245EA8A300DC8E38 /* silversalmoncreek.jpg */ = {isa = PBXFileReference; lastKnownFileType = image.jpeg; path = silversalmoncreek.jpg; sourceTree = "<group>"; };
		32749164245EA8A300DC8E38 /* stmarylake.jpg */ = {isa = PBXFileReference; lastKnownFileType = image.jpeg; path = stmarylake.jpg; sourceTree = "<group>"; };
		32749165245EA8A300DC8E38 /* umbagog.jpg */ = {isa = PBXFileReference; lastKnownFileType = image.jpeg; path = umbagog.jpg; sourceTree = "<group>"; };
		32749172245EA8CE00DC8E38 /* landmarkData.json */ = {isa = PBXFileReference; fileEncoding = 4; lastKnownFileType = text.json; path = landmarkData.json; sourceTree = "<group>"; };
		32749175245EAAEE00DC8E38 /* Data.swift */ = {isa = PBXFileReference; lastKnownFileType = sourcecode.swift; path = Data.swift; sourceTree = "<group>"; };
		32749177245EAB2600DC8E38 /* Landmark.swift */ = {isa = PBXFileReference; lastKnownFileType = sourcecode.swift; path = Landmark.swift; sourceTree = "<group>"; };
		329A18DC2464585E00CD5A41 /* LandmarkRow.swift */ = {isa = PBXFileReference; lastKnownFileType = sourcecode.swift; path = LandmarkRow.swift; sourceTree = "<group>"; };
		329A18DE24645BFD00CD5A41 /* LandmarkList.swift */ = {isa = PBXFileReference; lastKnownFileType = sourcecode.swift; path = LandmarkList.swift; sourceTree = "<group>"; };
/* End PBXFileReference section */

/* Begin PBXFrameworksBuildPhase section */
		32749138245E6E0600DC8E38 /* Frameworks */ = {
			isa = PBXFrameworksBuildPhase;
			buildActionMask = 2147483647;
			files = (
			);
			runOnlyForDeploymentPostprocessing = 0;
		};
/* End PBXFrameworksBuildPhase section */

/* Begin PBXGroup section */
		32749132245E6E0600DC8E38 = {
			isa = PBXGroup;
			children = (
				3274913D245E6E0600DC8E38 /* Landmarks */,
				3274913C245E6E0600DC8E38 /* Products */,
			);
			sourceTree = "<group>";
		};
		3274913C245E6E0600DC8E38 /* Products */ = {
			isa = PBXGroup;
			children = (
				3274913B245E6E0600DC8E38 /* Landmarks.app */,
			);
			name = Products;
			sourceTree = "<group>";
		};
		3274913D245E6E0600DC8E38 /* Landmarks */ = {
			isa = PBXGroup;
			children = (
				3274913E245E6E0600DC8E38 /* AppDelegate.swift */,
				32749140245E6E0600DC8E38 /* SceneDelegate.swift */,
				32749142245E6E0600DC8E38 /* LandmarkDetail.swift */,
				329A18DC2464585E00CD5A41 /* LandmarkRow.swift */,
				32013F5224716E1400C9EB70 /* UserData.swift */,
				329A18DE24645BFD00CD5A41 /* LandmarkList.swift */,
				32749174245EAACE00DC8E38 /* Models */,
				32749157245EA7B100DC8E38 /* Resources */,
				32749156245EA78900DC8E38 /* Supporting Views */,
				32749144245E6E0B00DC8E38 /* Assets.xcassets */,
				32749149245E6E0B00DC8E38 /* LaunchScreen.storyboard */,
				3274914C245E6E0B00DC8E38 /* Info.plist */,
				32749146245E6E0B00DC8E38 /* Preview Content */,
				324FD5D32466F4820028E283 /* Localizable.strings */,
			);
			path = Landmarks;
			sourceTree = "<group>";
		};
		32749146245E6E0B00DC8E38 /* Preview Content */ = {
			isa = PBXGroup;
			children = (
				32749147245E6E0B00DC8E38 /* Preview Assets.xcassets */,
			);
			path = "Preview Content";
			sourceTree = "<group>";
		};
		32749156245EA78900DC8E38 /* Supporting Views */ = {
			isa = PBXGroup;
			children = (
				32749154245E79F000DC8E38 /* MapView.swift */,
				32749152245E77CD00DC8E38 /* CircleImage.swift */,
			);
			path = "Supporting Views";
			sourceTree = "<group>";
		};
		32749157245EA7B100DC8E38 /* Resources */ = {
			isa = PBXGroup;
			children = (
				32749172245EA8CE00DC8E38 /* landmarkData.json */,
				3274915F245EA8A200DC8E38 /* chilkoottrail.jpg */,
				32749162245EA8A200DC8E38 /* chincoteague.jpg */,
				32749161245EA8A200DC8E38 /* hiddenlake.jpg */,
				32749160245EA8A200DC8E38 /* icybay.jpg */,
				3274915E245EA8A200DC8E38 /* lakemcdonald.jpg */,
				3274915C245EA8A200DC8E38 /* rainbowlake.jpg */,
				32749163245EA8A300DC8E38 /* silversalmoncreek.jpg */,
				32749164245EA8A300DC8E38 /* stmarylake.jpg */,
				3274915A245EA8A200DC8E38 /* turtlerock.jpg */,
				32013F5024716D1500C9EB70 /* charleyrivers.jpg */,
				3274915D245EA8A200DC8E38 /* twinlake.jpg */,
				32749165245EA8A300DC8E38 /* umbagog.jpg */,
			);
			path = Resources;
			sourceTree = "<group>";
		};
		32749174245EAACE00DC8E38 /* Models */ = {
			isa = PBXGroup;
			children = (
				32749175245EAAEE00DC8E38 /* Data.swift */,
				32749177245EAB2600DC8E38 /* Landmark.swift */,
			);
			path = Models;
			sourceTree = "<group>";
		};
/* End PBXGroup section */

/* Begin PBXNativeTarget section */
		3274913A245E6E0600DC8E38 /* Landmarks */ = {
			isa = PBXNativeTarget;
			buildConfigurationList = 3274914F245E6E0B00DC8E38 /* Build configuration list for PBXNativeTarget "Landmarks" */;
			buildPhases = (
				32749137245E6E0600DC8E38 /* Sources */,
				32749138245E6E0600DC8E38 /* Frameworks */,
				32749139245E6E0600DC8E38 /* Resources */,
			);
			buildRules = (
			);
			dependencies = (
			);
			name = Landmarks;
			productName = Landmarks;
			productReference = 3274913B245E6E0600DC8E38 /* Landmarks.app */;
			productType = "com.apple.product-type.application";
		};
/* End PBXNativeTarget section */

/* Begin PBXProject section */
		32749133245E6E0600DC8E38 /* Project object */ = {
			isa = PBXProject;
			attributes = {
				LastSwiftUpdateCheck = 1130;
				LastUpgradeCheck = 1130;
				ORGANIZATIONNAME = ThinhLe;
				TargetAttributes = {
					3274913A245E6E0600DC8E38 = {
						CreatedOnToolsVersion = 11.3.1;
					};
				};
			};
			buildConfigurationList = 32749136245E6E0600DC8E38 /* Build configuration list for PBXProject "Landmarks" */;
			compatibilityVersion = "Xcode 9.3";
			developmentRegion = en;
			hasScannedForEncodings = 0;
			knownRegions = (
				en,
				Base,
			);
			mainGroup = 32749132245E6E0600DC8E38;
			productRefGroup = 3274913C245E6E0600DC8E38 /* Products */;
			projectDirPath = "";
			projectRoot = "";
			targets = (
				3274913A245E6E0600DC8E38 /* Landmarks */,
			);
		};
/* End PBXProject section */

/* Begin PBXResourcesBuildPhase section */
		32749139245E6E0600DC8E38 /* Resources */ = {
			isa = PBXResourcesBuildPhase;
			buildActionMask = 2147483647;
			files = (
				324FD5D42466F4820028E283 /* Localizable.strings in Resources */,
				3274916F245EA8A300DC8E38 /* silversalmoncreek.jpg in Resources */,
				32749166245EA8A300DC8E38 /* turtlerock.jpg in Resources */,
				32013F5124716D1500C9EB70 /* charleyrivers.jpg in Resources */,
				3274916B245EA8A300DC8E38 /* chilkoottrail.jpg in Resources */,
				32749168245EA8A300DC8E38 /* rainbowlake.jpg in Resources */,
				3274914B245E6E0B00DC8E38 /* LaunchScreen.storyboard in Resources */,
				32749148245E6E0B00DC8E38 /* Preview Assets.xcassets in Resources */,
				32749170245EA8A300DC8E38 /* stmarylake.jpg in Resources */,
				3274916D245EA8A300DC8E38 /* hiddenlake.jpg in Resources */,
				3274916E245EA8A300DC8E38 /* chincoteague.jpg in Resources */,
				32749171245EA8A300DC8E38 /* umbagog.jpg in Resources */,
				32749169245EA8A300DC8E38 /* twinlake.jpg in Resources */,
				32749145245E6E0B00DC8E38 /* Assets.xcassets in Resources */,
				3274916A245EA8A300DC8E38 /* lakemcdonald.jpg in Resources */,
				32749173245EA8CE00DC8E38 /* landmarkData.json in Resources */,
				3274916C245EA8A300DC8E38 /* icybay.jpg in Resources */,
			);
			runOnlyForDeploymentPostprocessing = 0;
		};
/* End PBXResourcesBuildPhase section */

/* Begin PBXSourcesBuildPhase section */
		32749137245E6E0600DC8E38 /* Sources */ = {
			isa = PBXSourcesBuildPhase;
			buildActionMask = 2147483647;
			files = (
				32749178245EAB2600DC8E38 /* Landmark.swift in Sources */,
				3274913F245E6E0600DC8E38 /* AppDelegate.swift in Sources */,
				32749176245EAAEE00DC8E38 /* Data.swift in Sources */,
				32749153245E77CD00DC8E38 /* CircleImage.swift in Sources */,
				329A18DF24645BFD00CD5A41 /* LandmarkList.swift in Sources */,
				32749155245E79F000DC8E38 /* MapView.swift in Sources */,
				32749141245E6E0600DC8E38 /* SceneDelegate.swift in Sources */,
				329A18DD2464585E00CD5A41 /* LandmarkRow.swift in Sources */,
				32013F5324716E1400C9EB70 /* UserData.swift in Sources */,
				32749143245E6E0600DC8E38 /* LandmarkDetail.swift in Sources */,
			);
			runOnlyForDeploymentPostprocessing = 0;
		};
/* End PBXSourcesBuildPhase section */

/* Begin PBXVariantGroup section */
		32749149245E6E0B00DC8E38 /* LaunchScreen.storyboard */ = {
			isa = PBXVariantGroup;
			children = (
				3274914A245E6E0B00DC8E38 /* Base */,
			);
			name = LaunchScreen.storyboard;
			sourceTree = "<group>";
		};
/* End PBXVariantGroup section */

/* Begin XCBuildConfiguration section */
		3274914D245E6E0B00DC8E38 /* Debug */ = {
			isa = XCBuildConfiguration;
			buildSettings = {
				ALWAYS_SEARCH_USER_PATHS = NO;
				CLANG_ANALYZER_NONNULL = YES;
				CLANG_ANALYZER_NUMBER_OBJECT_CONVERSION = YES_AGGRESSIVE;
				CLANG_CXX_LANGUAGE_STANDARD = "gnu++14";
				CLANG_CXX_LIBRARY = "libc++";
				CLANG_ENABLE_MODULES = YES;
				CLANG_ENABLE_OBJC_ARC = YES;
				CLANG_ENABLE_OBJC_WEAK = YES;
				CLANG_WARN_BLOCK_CAPTURE_AUTORELEASING = YES;
				CLANG_WARN_BOOL_CONVERSION = YES;
				CLANG_WARN_COMMA = YES;
				CLANG_WARN_CONSTANT_CONVERSION = YES;
				CLANG_WARN_DEPRECATED_OBJC_IMPLEMENTATIONS = YES;
				CLANG_WARN_DIRECT_OBJC_ISA_USAGE = YES_ERROR;
				CLANG_WARN_DOCUMENTATION_COMMENTS = YES;
				CLANG_WARN_EMPTY_BODY = YES;
				CLANG_WARN_ENUM_CONVERSION = YES;
				CLANG_WARN_INFINITE_RECURSION = YES;
				CLANG_WARN_INT_CONVERSION = YES;
				CLANG_WARN_NON_LITERAL_NULL_CONVERSION = YES;
				CLANG_WARN_OBJC_IMPLICIT_RETAIN_SELF = YES;
				CLANG_WARN_OBJC_LITERAL_CONVERSION = YES;
				CLANG_WARN_OBJC_ROOT_CLASS = YES_ERROR;
				CLANG_WARN_RANGE_LOOP_ANALYSIS = YES;
				CLANG_WARN_STRICT_PROTOTYPES = YES;
				CLANG_WARN_SUSPICIOUS_MOVE = YES;
				CLANG_WARN_UNGUARDED_AVAILABILITY = YES_AGGRESSIVE;
				CLANG_WARN_UNREACHABLE_CODE = YES;
				CLANG_WARN__DUPLICATE_METHOD_MATCH = YES;
				COPY_PHASE_STRIP = NO;
				DEBUG_INFORMATION_FORMAT = dwarf;
				ENABLE_STRICT_OBJC_MSGSEND = YES;
				ENABLE_TESTABILITY = YES;
				GCC_C_LANGUAGE_STANDARD = gnu11;
				GCC_DYNAMIC_NO_PIC = NO;
				GCC_NO_COMMON_BLOCKS = YES;
				GCC_OPTIMIZATION_LEVEL = 0;
				GCC_PREPROCESSOR_DEFINITIONS = (
					"DEBUG=1",
					"$(inherited)",
				);
				GCC_WARN_64_TO_32_BIT_CONVERSION = YES;
				GCC_WARN_ABOUT_RETURN_TYPE = YES_ERROR;
				GCC_WARN_UNDECLARED_SELECTOR = YES;
				GCC_WARN_UNINITIALIZED_AUTOS = YES_AGGRESSIVE;
				GCC_WARN_UNUSED_FUNCTION = YES;
				GCC_WARN_UNUSED_VARIABLE = YES;
				IPHONEOS_DEPLOYMENT_TARGET = 13.2;
				MTL_ENABLE_DEBUG_INFO = INCLUDE_SOURCE;
				MTL_FAST_MATH = YES;
				ONLY_ACTIVE_ARCH = YES;
				SDKROOT = iphoneos;
				SWIFT_ACTIVE_COMPILATION_CONDITIONS = DEBUG;
				SWIFT_OPTIMIZATION_LEVEL = "-Onone";
			};
			name = Debug;
		};
		3274914E245E6E0B00DC8E38 /* Release */ = {
			isa = XCBuildConfiguration;
			buildSettings = {
				ALWAYS_SEARCH_USER_PATHS = NO;
				CLANG_ANALYZER_NONNULL = YES;
				CLANG_ANALYZER_NUMBER_OBJECT_CONVERSION = YES_AGGRESSIVE;
				CLANG_CXX_LANGUAGE_STANDARD = "gnu++14";
				CLANG_CXX_LIBRARY = "libc++";
				CLANG_ENABLE_MODULES = YES;
				CLANG_ENABLE_OBJC_ARC = YES;
				CLANG_ENABLE_OBJC_WEAK = YES;
				CLANG_WARN_BLOCK_CAPTURE_AUTORELEASING = YES;
				CLANG_WARN_BOOL_CONVERSION = YES;
				CLANG_WARN_COMMA = YES;
				CLANG_WARN_CONSTANT_CONVERSION = YES;
				CLANG_WARN_DEPRECATED_OBJC_IMPLEMENTATIONS = YES;
				CLANG_WARN_DIRECT_OBJC_ISA_USAGE = YES_ERROR;
				CLANG_WARN_DOCUMENTATION_COMMENTS = YES;
				CLANG_WARN_EMPTY_BODY = YES;
				CLANG_WARN_ENUM_CONVERSION = YES;
				CLANG_WARN_INFINITE_RECURSION = YES;
				CLANG_WARN_INT_CONVERSION = YES;
				CLANG_WARN_NON_LITERAL_NULL_CONVERSION = YES;
				CLANG_WARN_OBJC_IMPLICIT_RETAIN_SELF = YES;
				CLANG_WARN_OBJC_LITERAL_CONVERSION = YES;
				CLANG_WARN_OBJC_ROOT_CLASS = YES_ERROR;
				CLANG_WARN_RANGE_LOOP_ANALYSIS = YES;
				CLANG_WARN_STRICT_PROTOTYPES = YES;
				CLANG_WARN_SUSPICIOUS_MOVE = YES;
				CLANG_WARN_UNGUARDED_AVAILABILITY = YES_AGGRESSIVE;
				CLANG_WARN_UNREACHABLE_CODE = YES;
				CLANG_WARN__DUPLICATE_METHOD_MATCH = YES;
				COPY_PHASE_STRIP = NO;
				DEBUG_INFORMATION_FORMAT = "dwarf-with-dsym";
				ENABLE_NS_ASSERTIONS = NO;
				ENABLE_STRICT_OBJC_MSGSEND = YES;
				GCC_C_LANGUAGE_STANDARD = gnu11;
				GCC_NO_COMMON_BLOCKS = YES;
				GCC_WARN_64_TO_32_BIT_CONVERSION = YES;
				GCC_WARN_ABOUT_RETURN_TYPE = YES_ERROR;
				GCC_WARN_UNDECLARED_SELECTOR = YES;
				GCC_WARN_UNINITIALIZED_AUTOS = YES_AGGRESSIVE;
				GCC_WARN_UNUSED_FUNCTION = YES;
				GCC_WARN_UNUSED_VARIABLE = YES;
				IPHONEOS_DEPLOYMENT_TARGET = 13.2;
				MTL_ENABLE_DEBUG_INFO = NO;
				MTL_FAST_MATH = YES;
				SDKROOT = iphoneos;
				SWIFT_COMPILATION_MODE = wholemodule;
				SWIFT_OPTIMIZATION_LEVEL = "-O";
				VALIDATE_PRODUCT = YES;
			};
			name = Release;
		};
		32749150245E6E0B00DC8E38 /* Debug */ = {
			isa = XCBuildConfiguration;
			buildSettings = {
				ASSETCATALOG_COMPILER_APPICON_NAME = AppIcon;
				CODE_SIGN_STYLE = Automatic;
				DEVELOPMENT_ASSET_PATHS = "\"Landmarks/Preview Content\"";
				DEVELOPMENT_TEAM = Z2S78UX6KB;
				ENABLE_PREVIEWS = YES;
				INFOPLIST_FILE = Landmarks/Info.plist;
				IPHONEOS_DEPLOYMENT_TARGET = 13.0;
				LD_RUNPATH_SEARCH_PATHS = (
					"$(inherited)",
					"@executable_path/Frameworks",
				);
				PRODUCT_BUNDLE_IDENTIFIER = com.thinhle.Landmarks;
				PRODUCT_NAME = "$(TARGET_NAME)";
				SWIFT_VERSION = 5.0;
				TARGETED_DEVICE_FAMILY = "1,2";
			};
			name = Debug;
		};
		32749151245E6E0B00DC8E38 /* Release */ = {
			isa = XCBuildConfiguration;
			buildSettings = {
				ASSETCATALOG_COMPILER_APPICON_NAME = AppIcon;
				CODE_SIGN_STYLE = Automatic;
				DEVELOPMENT_ASSET_PATHS = "\"Landmarks/Preview Content\"";
				DEVELOPMENT_TEAM = Z2S78UX6KB;
				ENABLE_PREVIEWS = YES;
				INFOPLIST_FILE = Landmarks/Info.plist;
				IPHONEOS_DEPLOYMENT_TARGET = 13.0;
				LD_RUNPATH_SEARCH_PATHS = (
					"$(inherited)",
					"@executable_path/Frameworks",
				);
				PRODUCT_BUNDLE_IDENTIFIER = com.thinhle.Landmarks;
				PRODUCT_NAME = "$(TARGET_NAME)";
				SWIFT_VERSION = 5.0;
				TARGETED_DEVICE_FAMILY = "1,2";
			};
			name = Release;
		};
/* End XCBuildConfiguration section */

/* Begin XCConfigurationList section */
		32749136245E6E0600DC8E38 /* Build configuration list for PBXProject "Landmarks" */ = {
			isa = XCConfigurationList;
			buildConfigurations = (
				3274914D245E6E0B00DC8E38 /* Debug */,
				3274914E245E6E0B00DC8E38 /* Release */,
			);
			defaultConfigurationIsVisible = 0;
			defaultConfigurationName = Release;
		};
		3274914F245E6E0B00DC8E38 /* Build configuration list for PBXNativeTarget "Landmarks" */ = {
			isa = XCConfigurationList;
			buildConfigurations = (
				32749150245E6E0B00DC8E38 /* Debug */,
				32749151245E6E0B00DC8E38 /* Release */,
			);
			defaultConfigurationIsVisible = 0;
			defaultConfigurationName = Release;
		};
/* End XCConfigurationList section */
	};
	rootObject = 32749133245E6E0600DC8E38 /* Project object */;
}
